
Microsoft Visual Studio Solution File, Format Version 12.00
# Visual Studio Version 17
VisualStudioVersion = 17.2.32630.192
MinimumVisualStudioVersion = 10.0.40219.1
Project("{FAE04EC0-301F-11D3-BF4B-00C04F79EFBC}") = "Extensions", "Extensions\Extensions.csproj", "{FC1526DF-FCEB-4CFF-A570-F69AFDE4B784}"
EndProject
Project("{FAE04EC0-301F-11D3-BF4B-00C04F79EFBC}") = "Extensions.Tests", "Extensions.Tests\Extensions.Tests.csproj", "{0D434348-388B-479B-8DE4-7DD4597C2CF0}"
EndProject
Global
	GlobalSection(SolutionConfigurationPlatforms) = preSolution
		Debug|Any CPU = Debug|Any CPU
		Release|Any CPU = Release|Any CPU
	EndGlobalSection
	GlobalSection(ProjectConfigurationPlatforms) = postSolution
		{FC1526DF-FCEB-4CFF-A570-F69AFDE4B784}.Debug|Any CPU.ActiveCfg = Debug|Any CPU
		{FC1526DF-FCEB-4CFF-A570-F69AFDE4B784}.Debug|Any CPU.Build.0 = Debug|Any CPU
		{FC1526DF-FCEB-4CFF-A570-F69AFDE4B784}.Release|Any CPU.ActiveCfg = Release|Any CPU
		{FC1526DF-FCEB-4CFF-A570-F69AFDE4B784}.Release|Any CPU.Build.0 = Release|Any CPU
		{0D434348-388B-479B-8DE4-7DD4597C2CF0}.Debug|Any CPU.ActiveCfg = Debug|Any CPU
		{0D434348-388B-479B-8DE4-7DD4597C2CF0}.Debug|Any CPU.Build.0 = Debug|Any CPU
		{0D434348-388B-479B-8DE4-7DD4597C2CF0}.Release|Any CPU.ActiveCfg = Release|Any CPU
		{0D434348-388B-479B-8DE4-7DD4597C2CF0}.Release|Any CPU.Build.0 = Release|Any CPU
	EndGlobalSection
	GlobalSection(SolutionProperties) = preSolution
		HideSolutionNode = FALSE
	EndGlobalSection
	GlobalSection(ExtensibilityGlobals) = postSolution
		SolutionGuid = {B0C588E1-7AC2-4266-A1E1-A58D81B03504}
	EndGlobalSection
EndGlobal
