
Microsoft Visual Studio Solution File, Format Version 12.00
# Visual Studio Version 17
VisualStudioVersion = 17.2.32630.192
MinimumVisualStudioVersion = 10.0.40219.1
Project("{9A19103F-16F7-4668-BE54-9A1E7A4F7556}") = "X10sions", "X10sions\X10sions.csproj", "{FC1526DF-FCEB-4CFF-A570-F69AFDE4B784}"
EndProject
Project("{9A19103F-16F7-4668-BE54-9A1E7A4F7556}") = "X10sions.Tests", "X10sions.Tests\X10sions.Tests.csproj", "{0D434348-388B-479B-8DE4-7DD4597C2CF0}"
EndProject
Project("{FAE04EC0-301F-11D3-BF4B-00C04F79EFBC}") = "X10sions.Benchmarks", "X10sions.Benchmarks\X10sions.Benchmarks.csproj", "{10A61097-F78C-4BC9-8A40-898EC0409537}"
EndProject
Global
	GlobalSection(SolutionConfigurationPlatforms) = preSolution
		Debug|Any CPU = Debug|Any CPU
		Release|Any CPU = Release|Any CPU
	EndGlobalSection
	GlobalSection(ProjectConfigurationPlatforms) = postSolution
		{FC1526DF-FCEB-4CFF-A570-F69AFDE4B784}.Debug|Any CPU.ActiveCfg = Debug|Any CPU
		{FC1526DF-FCEB-4CFF-A570-F69AFDE4B784}.Debug|Any CPU.Build.0 = Debug|Any CPU
		{FC1526DF-FCEB-4CFF-A570-F69AFDE4B784}.Release|Any CPU.ActiveCfg = Release|Any CPU
		{FC1526DF-FCEB-4CFF-A570-F69AFDE4B784}.Release|Any CPU.Build.0 = Release|Any CPU
		{0D434348-388B-479B-8DE4-7DD4597C2CF0}.Debug|Any CPU.ActiveCfg = Debug|Any CPU
		{0D434348-388B-479B-8DE4-7DD4597C2CF0}.Debug|Any CPU.Build.0 = Debug|Any CPU
		{0D434348-388B-479B-8DE4-7DD4597C2CF0}.Release|Any CPU.ActiveCfg = Release|Any CPU
		{0D434348-388B-479B-8DE4-7DD4597C2CF0}.Release|Any CPU.Build.0 = Release|Any CPU
		{10A61097-F78C-4BC9-8A40-898EC0409537}.Debug|Any CPU.ActiveCfg = Debug|Any CPU
		{10A61097-F78C-4BC9-8A40-898EC0409537}.Debug|Any CPU.Build.0 = Debug|Any CPU
		{10A61097-F78C-4BC9-8A40-898EC0409537}.Release|Any CPU.ActiveCfg = Release|Any CPU
		{10A61097-F78C-4BC9-8A40-898EC0409537}.Release|Any CPU.Build.0 = Release|Any CPU
	EndGlobalSection
	GlobalSection(SolutionProperties) = preSolution
		HideSolutionNode = FALSE
	EndGlobalSection
	GlobalSection(ExtensibilityGlobals) = postSolution
		SolutionGuid = {B0C588E1-7AC2-4266-A1E1-A58D81B03504}
	EndGlobalSection
EndGlobal
